
Microsoft Visual Studio Solution File, Format Version 12.00
# Visual Studio 15
VisualStudioVersion = 15.0.26124.0
MinimumVisualStudioVersion = 15.0.26124.0
Project("{FAE04EC0-301F-11D3-BF4B-00C04F79EFBC}") = "wus.core", "wus.core\wus.core.csproj", "{2DE7CD12-2B9E-445D-BE88-9B4120DDB8D6}"
EndProject
Project("{FAE04EC0-301F-11D3-BF4B-00C04F79EFBC}") = "WusClient", "WusClient\WusClient.csproj", "{EF66D548-88A6-4427-8875-6CB6342307B6}"
EndProject
Project("{FAE04EC0-301F-11D3-BF4B-00C04F79EFBC}") = "wus.core.tests", "wus.core.Tests\wus.core.Tests.csproj", "{FA18B934-2016-408B-8A66-5A64DB31D92B}"
EndProject
Global
	GlobalSection(SolutionConfigurationPlatforms) = preSolution
		Debug|Any CPU = Debug|Any CPU
		Debug|x64 = Debug|x64
		Debug|x86 = Debug|x86
		Release|Any CPU = Release|Any CPU
		Release|x64 = Release|x64
		Release|x86 = Release|x86
	EndGlobalSection
	GlobalSection(SolutionProperties) = preSolution
		HideSolutionNode = FALSE
	EndGlobalSection
	GlobalSection(ProjectConfigurationPlatforms) = postSolution
		{2DE7CD12-2B9E-445D-BE88-9B4120DDB8D6}.Debug|Any CPU.ActiveCfg = Debug|Any CPU
		{2DE7CD12-2B9E-445D-BE88-9B4120DDB8D6}.Debug|Any CPU.Build.0 = Debug|Any CPU
		{2DE7CD12-2B9E-445D-BE88-9B4120DDB8D6}.Debug|x64.ActiveCfg = Debug|Any CPU
		{2DE7CD12-2B9E-445D-BE88-9B4120DDB8D6}.Debug|x64.Build.0 = Debug|Any CPU
		{2DE7CD12-2B9E-445D-BE88-9B4120DDB8D6}.Debug|x86.ActiveCfg = Debug|Any CPU
		{2DE7CD12-2B9E-445D-BE88-9B4120DDB8D6}.Debug|x86.Build.0 = Debug|Any CPU
		{2DE7CD12-2B9E-445D-BE88-9B4120DDB8D6}.Release|Any CPU.ActiveCfg = Release|Any CPU
		{2DE7CD12-2B9E-445D-BE88-9B4120DDB8D6}.Release|Any CPU.Build.0 = Release|Any CPU
		{2DE7CD12-2B9E-445D-BE88-9B4120DDB8D6}.Release|x64.ActiveCfg = Release|Any CPU
		{2DE7CD12-2B9E-445D-BE88-9B4120DDB8D6}.Release|x64.Build.0 = Release|Any CPU
		{2DE7CD12-2B9E-445D-BE88-9B4120DDB8D6}.Release|x86.ActiveCfg = Release|Any CPU
		{2DE7CD12-2B9E-445D-BE88-9B4120DDB8D6}.Release|x86.Build.0 = Release|Any CPU
		{EF66D548-88A6-4427-8875-6CB6342307B6}.Debug|Any CPU.ActiveCfg = Debug|Any CPU
		{EF66D548-88A6-4427-8875-6CB6342307B6}.Debug|Any CPU.Build.0 = Debug|Any CPU
		{EF66D548-88A6-4427-8875-6CB6342307B6}.Debug|x64.ActiveCfg = Debug|Any CPU
		{EF66D548-88A6-4427-8875-6CB6342307B6}.Debug|x64.Build.0 = Debug|Any CPU
		{EF66D548-88A6-4427-8875-6CB6342307B6}.Debug|x86.ActiveCfg = Debug|Any CPU
		{EF66D548-88A6-4427-8875-6CB6342307B6}.Debug|x86.Build.0 = Debug|Any CPU
		{EF66D548-88A6-4427-8875-6CB6342307B6}.Release|Any CPU.ActiveCfg = Release|Any CPU
		{EF66D548-88A6-4427-8875-6CB6342307B6}.Release|Any CPU.Build.0 = Release|Any CPU
		{EF66D548-88A6-4427-8875-6CB6342307B6}.Release|x64.ActiveCfg = Release|Any CPU
		{EF66D548-88A6-4427-8875-6CB6342307B6}.Release|x64.Build.0 = Release|Any CPU
		{EF66D548-88A6-4427-8875-6CB6342307B6}.Release|x86.ActiveCfg = Release|Any CPU
		{EF66D548-88A6-4427-8875-6CB6342307B6}.Release|x86.Build.0 = Release|Any CPU
		{FA18B934-2016-408B-8A66-5A64DB31D92B}.Debug|Any CPU.ActiveCfg = Debug|Any CPU
		{FA18B934-2016-408B-8A66-5A64DB31D92B}.Debug|Any CPU.Build.0 = Debug|Any CPU
		{FA18B934-2016-408B-8A66-5A64DB31D92B}.Debug|x64.ActiveCfg = Debug|Any CPU
		{FA18B934-2016-408B-8A66-5A64DB31D92B}.Debug|x64.Build.0 = Debug|Any CPU
		{FA18B934-2016-408B-8A66-5A64DB31D92B}.Debug|x86.ActiveCfg = Debug|Any CPU
		{FA18B934-2016-408B-8A66-5A64DB31D92B}.Debug|x86.Build.0 = Debug|Any CPU
		{FA18B934-2016-408B-8A66-5A64DB31D92B}.Release|Any CPU.ActiveCfg = Release|Any CPU
		{FA18B934-2016-408B-8A66-5A64DB31D92B}.Release|Any CPU.Build.0 = Release|Any CPU
		{FA18B934-2016-408B-8A66-5A64DB31D92B}.Release|x64.ActiveCfg = Release|Any CPU
		{FA18B934-2016-408B-8A66-5A64DB31D92B}.Release|x64.Build.0 = Release|Any CPU
		{FA18B934-2016-408B-8A66-5A64DB31D92B}.Release|x86.ActiveCfg = Release|Any CPU
		{FA18B934-2016-408B-8A66-5A64DB31D92B}.Release|x86.Build.0 = Release|Any CPU
	EndGlobalSection
EndGlobal
